
Microsoft Visual Studio Solution File, Format Version 12.00
# Visual Studio Version 16
VisualStudioVersion = 16.0.30523.141
MinimumVisualStudioVersion = 10.0.40219.1
Project("{8BC9CEB8-8B4A-11D0-8D11-00A0C91BC942}") = "VFLCRExcelConverter", "VFLCRExcelConverter\VFLCRExcelConverter.vcxproj", "{C970B170-30FC-481B-A8A7-D093508EE008}"
EndProject
Global
	GlobalSection(SolutionConfigurationPlatforms) = preSolution
		Debug|x64 = Debug|x64
		Debug|x86 = Debug|x86
		Release|x64 = Release|x64
		Release|x86 = Release|x86
	EndGlobalSection
	GlobalSection(ProjectConfigurationPlatforms) = postSolution
		{C970B170-30FC-481B-A8A7-D093508EE008}.Debug|x64.ActiveCfg = Debug|x64
		{C970B170-30FC-481B-A8A7-D093508EE008}.Debug|x64.Build.0 = Debug|x64
		{C970B170-30FC-481B-A8A7-D093508EE008}.Debug|x86.ActiveCfg = Debug|Win32
		{C970B170-30FC-481B-A8A7-D093508EE008}.Debug|x86.Build.0 = Debug|Win32
		{C970B170-30FC-481B-A8A7-D093508EE008}.Release|x64.ActiveCfg = Release|x64
		{C970B170-30FC-481B-A8A7-D093508EE008}.Release|x64.Build.0 = Release|x64
		{C970B170-30FC-481B-A8A7-D093508EE008}.Release|x86.ActiveCfg = Release|Win32
		{C970B170-30FC-481B-A8A7-D093508EE008}.Release|x86.Build.0 = Release|Win32
	EndGlobalSection
	GlobalSection(SolutionProperties) = preSolution
		HideSolutionNode = FALSE
	EndGlobalSection
	GlobalSection(ExtensibilityGlobals) = postSolution
		SolutionGuid = {A6393C33-F98D-41F4-91A2-06BC9F88F479}
	EndGlobalSection
EndGlobal
